
Microsoft Visual Studio Solution File, Format Version 12.00
# Visual Studio Version 16
VisualStudioVersion = 16.0.30717.126
MinimumVisualStudioVersion = 10.0.40219.1
Project("{9A19103F-16F7-4668-BE54-9A1E7A4F7556}") = "BSTLibrary", "BSTLibrary\BSTLibrary.csproj", "{92EF588E-E8ED-4E57-A063-1207023E4F89}"
EndProject
Project("{9A19103F-16F7-4668-BE54-9A1E7A4F7556}") = "BSTLibraryTest", "BSTLibraryTest\BSTLibraryTest.csproj", "{4B43FF34-299C-4951-9404-D87F1D67F805}"
EndProject
Global
	GlobalSection(SolutionConfigurationPlatforms) = preSolution
		Debug|Any CPU = Debug|Any CPU
		Release|Any CPU = Release|Any CPU
	EndGlobalSection
	GlobalSection(ProjectConfigurationPlatforms) = postSolution
		{92EF588E-E8ED-4E57-A063-1207023E4F89}.Debug|Any CPU.ActiveCfg = Debug|Any CPU
		{92EF588E-E8ED-4E57-A063-1207023E4F89}.Debug|Any CPU.Build.0 = Debug|Any CPU
		{92EF588E-E8ED-4E57-A063-1207023E4F89}.Release|Any CPU.ActiveCfg = Release|Any CPU
		{92EF588E-E8ED-4E57-A063-1207023E4F89}.Release|Any CPU.Build.0 = Release|Any CPU
		{4B43FF34-299C-4951-9404-D87F1D67F805}.Debug|Any CPU.ActiveCfg = Debug|Any CPU
		{4B43FF34-299C-4951-9404-D87F1D67F805}.Debug|Any CPU.Build.0 = Debug|Any CPU
		{4B43FF34-299C-4951-9404-D87F1D67F805}.Release|Any CPU.ActiveCfg = Release|Any CPU
		{4B43FF34-299C-4951-9404-D87F1D67F805}.Release|Any CPU.Build.0 = Release|Any CPU
	EndGlobalSection
	GlobalSection(SolutionProperties) = preSolution
		HideSolutionNode = FALSE
	EndGlobalSection
	GlobalSection(ExtensibilityGlobals) = postSolution
		SolutionGuid = {270C87D8-3024-4CB1-8408-1BCCC7945426}
	EndGlobalSection
EndGlobal
